
Microsoft Visual Studio Solution File, Format Version 12.00
# Visual Studio Version 17
VisualStudioVersion = 17.6.33723.286
MinimumVisualStudioVersion = 10.0.40219.1
Project("{FAE04EC0-301F-11D3-BF4B-00C04F79EFBC}") = "Lab3", "Lab3.csproj", "{F8AA6739-6A1B-4322-ABFC-A8019B30B787}"
EndProject
Project("{FAE04EC0-301F-11D3-BF4B-00C04F79EFBC}") = "EmployeeDLL", "..\ClassLibrary2\EmployeeDLL.csproj", "{E0FD5D77-FE5B-4A2E-B799-A91ADBDF044C}"
EndProject
Global
	GlobalSection(SolutionConfigurationPlatforms) = preSolution
		Debug|Any CPU = Debug|Any CPU
		Release|Any CPU = Release|Any CPU
	EndGlobalSection
	GlobalSection(ProjectConfigurationPlatforms) = postSolution
		{F8AA6739-6A1B-4322-ABFC-A8019B30B787}.Debug|Any CPU.ActiveCfg = Debug|Any CPU
		{F8AA6739-6A1B-4322-ABFC-A8019B30B787}.Debug|Any CPU.Build.0 = Debug|Any CPU
		{F8AA6739-6A1B-4322-ABFC-A8019B30B787}.Release|Any CPU.ActiveCfg = Release|Any CPU
		{F8AA6739-6A1B-4322-ABFC-A8019B30B787}.Release|Any CPU.Build.0 = Release|Any CPU
		{E0FD5D77-FE5B-4A2E-B799-A91ADBDF044C}.Debug|Any CPU.ActiveCfg = Debug|Any CPU
		{E0FD5D77-FE5B-4A2E-B799-A91ADBDF044C}.Debug|Any CPU.Build.0 = Debug|Any CPU
		{E0FD5D77-FE5B-4A2E-B799-A91ADBDF044C}.Release|Any CPU.ActiveCfg = Release|Any CPU
		{E0FD5D77-FE5B-4A2E-B799-A91ADBDF044C}.Release|Any CPU.Build.0 = Release|Any CPU
	EndGlobalSection
	GlobalSection(SolutionProperties) = preSolution
		HideSolutionNode = FALSE
	EndGlobalSection
	GlobalSection(ExtensibilityGlobals) = postSolution
		SolutionGuid = {3FEB5070-2FEB-4CFA-AE28-006D9BB56D47}
	EndGlobalSection
EndGlobal
